{
  "name": "SpecialCardRPS",
  "lockfileVersion": 3,
  "requires": true,
  "packages": {
    "": {
      "dependencies": {
        "@preline/pin-input": "^2.5.2"
      }
    },
    "node_modules/@preline/pin-input": {
      "version": "2.5.2",
      "resolved": "https://registry.npmjs.org/@preline/pin-input/-/pin-input-2.5.2.tgz",
      "integrity": "sha512-dGH7DYLGvdEYMDxna/7ayqxHzadVJaUxzrEjRYkfxyOSY5bLbLp5Flaswoe1BXkpQ/bRTqxhuwSrD2i8xA8ODA=="
    }
  }
}
